{
  "name": "imgtoprompt",
  "lockfileVersion": 3,
  "requires": true,
  "packages": {
    "": {
      "dependencies": {
        "@huggingface/inference": "^4.6.1"
      }
    },
    "node_modules/@huggingface/inference": {
      "version": "4.6.1",
      "resolved": "https://registry.npmjs.org/@huggingface/inference/-/inference-4.6.1.tgz",
      "integrity": "sha512-GjEYAoW88rZKthi4OTP+Lq0yi82MywVKEKm2zLDR6BePCinpDyhTPracDPBXSl4guxenYKcoKmitFjqS/zk/sg==",
      "license": "MIT",
      "dependencies": {
        "@huggingface/jinja": "^0.5.1",
        "@huggingface/tasks": "^0.19.33"
      },
      "engines": {
        "node": ">=18"
      }
    },
    "node_modules/@huggingface/jinja": {
      "version": "0.5.1",
      "resolved": "https://registry.npmjs.org/@huggingface/jinja/-/jinja-0.5.1.tgz",
      "integrity": "sha512-yUZLld4lrM9iFxHCwFQ7D1HW2MWMwSbeB7WzWqFYDWK+rEb+WldkLdAJxUPOmgICMHZLzZGVcVjFh3w/YGubng==",
      "license": "MIT",
      "engines": {
        "node": ">=18"
      }
    },
    "node_modules/@huggingface/tasks": {
      "version": "0.19.34",
      "resolved": "https://registry.npmjs.org/@huggingface/tasks/-/tasks-0.19.34.tgz",
      "integrity": "sha512-dIl3jyeddCEFJeogJOcbhfIq1tlo3N9K4EAxG/MfkGL0l7hI2kfs91Ut+1h6i09TQM8A9XM91NV7Jz6PgfWE7Q==",
      "license": "MIT"
    }
  }
}
